
Microsoft Visual Studio Solution File, Format Version 12.00
# Visual Studio Version 16
VisualStudioVersion = 16.0.30413.136
MinimumVisualStudioVersion = 10.0.40219.1
Project("{FAE04EC0-301F-11D3-BF4B-00C04F79EFBC}") = "AntiDump", "AntiDump.csproj", "{8ACD7B76-8BCB-4B21-A988-ED63645AC223}"
EndProject
Global
	GlobalSection(SolutionConfigurationPlatforms) = preSolution
		Debug|Any CPU = Debug|Any CPU
		Release|Any CPU = Release|Any CPU
	EndGlobalSection
	GlobalSection(ProjectConfigurationPlatforms) = postSolution
		{8ACD7B76-8BCB-4B21-A988-ED63645AC223}.Debug|Any CPU.ActiveCfg = Debug|Any CPU
		{8ACD7B76-8BCB-4B21-A988-ED63645AC223}.Debug|Any CPU.Build.0 = Debug|Any CPU
		{8ACD7B76-8BCB-4B21-A988-ED63645AC223}.Release|Any CPU.ActiveCfg = Release|Any CPU
		{8ACD7B76-8BCB-4B21-A988-ED63645AC223}.Release|Any CPU.Build.0 = Release|Any CPU
	EndGlobalSection
	GlobalSection(SolutionProperties) = preSolution
		HideSolutionNode = FALSE
	EndGlobalSection
	GlobalSection(ExtensibilityGlobals) = postSolution
		SolutionGuid = {3885592C-3873-49B1-B7C0-4A5502B809B0}
	EndGlobalSection
EndGlobal
